
Microsoft Visual Studio Solution File, Format Version 12.00
# Visual Studio Version 17
VisualStudioVersion = 17.13.35931.197
MinimumVisualStudioVersion = 10.0.40219.1
Project("{54A90642-561A-4BB1-A94E-469ADEE60C69}") = "gaming-shop.client", "gaming-shop.client\gaming-shop.client.esproj", "{93B5E3A8-16BA-6905-C65E-FBEC30A0C68A}"
EndProject
Project("{FAE04EC0-301F-11D3-BF4B-00C04F79EFBC}") = "Gaming-Shop.Server", "Gaming-Shop.Server\Gaming-Shop.Server.csproj", "{BDB5536E-4039-4CE8-9158-BEBE70411C7F}"
EndProject
Project("{2150E333-8FDC-42A3-9474-1A3956D46DE8}") = "Modules", "Modules", "{02EA681E-C7D8-13C7-8484-4AC65E1B71E8}"
EndProject
Project("{2150E333-8FDC-42A3-9474-1A3956D46DE8}") = "AccountManagement", "AccountManagement", "{1E6720E2-7A4B-4B94-8477-0845B9D0584F}"
EndProject
Project("{FAE04EC0-301F-11D3-BF4B-00C04F79EFBC}") = "Gaming-Shop.AccountManagement", "Gaming-Shop.AccountManagement\Gaming-Shop.AccountManagement.csproj", "{ECE24DC8-F58E-440A-8B67-1DAC0CD2E621}"
EndProject
Project("{2150E333-8FDC-42A3-9474-1A3956D46DE8}") = "ShopManagement", "ShopManagement", "{D1CCE767-70AE-4241-8471-FA7BC6605359}"
EndProject
Project("{FAE04EC0-301F-11D3-BF4B-00C04F79EFBC}") = "Gaming-Shop.ShopManagement", "Gaming-Shop.ShopManagement\Gaming-Shop.ShopManagement.csproj", "{AF12A7C4-F7CB-49D4-9DBF-9E153FE67215}"
EndProject
Project("{2150E333-8FDC-42A3-9474-1A3956D46DE8}") = "WishlistManagement", "WishlistManagement", "{2022CD53-73F3-41A4-B7EC-03D30D6F1579}"
EndProject
Project("{FAE04EC0-301F-11D3-BF4B-00C04F79EFBC}") = "Gaming-Shop.WishlistManagement", "Gaming-Shop.WishlistManagement\Gaming-Shop.WishlistManagement.csproj", "{94EA65DF-E42A-4ACE-B13F-8A2A194552F0}"
EndProject
Global
	GlobalSection(SolutionConfigurationPlatforms) = preSolution
		Debug|Any CPU = Debug|Any CPU
		Release|Any CPU = Release|Any CPU
	EndGlobalSection
	GlobalSection(ProjectConfigurationPlatforms) = postSolution
		{93B5E3A8-16BA-6905-C65E-FBEC30A0C68A}.Debug|Any CPU.ActiveCfg = Debug|Any CPU
		{93B5E3A8-16BA-6905-C65E-FBEC30A0C68A}.Debug|Any CPU.Build.0 = Debug|Any CPU
		{93B5E3A8-16BA-6905-C65E-FBEC30A0C68A}.Debug|Any CPU.Deploy.0 = Debug|Any CPU
		{93B5E3A8-16BA-6905-C65E-FBEC30A0C68A}.Release|Any CPU.ActiveCfg = Release|Any CPU
		{93B5E3A8-16BA-6905-C65E-FBEC30A0C68A}.Release|Any CPU.Build.0 = Release|Any CPU
		{93B5E3A8-16BA-6905-C65E-FBEC30A0C68A}.Release|Any CPU.Deploy.0 = Release|Any CPU
		{BDB5536E-4039-4CE8-9158-BEBE70411C7F}.Debug|Any CPU.ActiveCfg = Debug|Any CPU
		{BDB5536E-4039-4CE8-9158-BEBE70411C7F}.Debug|Any CPU.Build.0 = Debug|Any CPU
		{BDB5536E-4039-4CE8-9158-BEBE70411C7F}.Release|Any CPU.ActiveCfg = Release|Any CPU
		{BDB5536E-4039-4CE8-9158-BEBE70411C7F}.Release|Any CPU.Build.0 = Release|Any CPU
		{ECE24DC8-F58E-440A-8B67-1DAC0CD2E621}.Debug|Any CPU.ActiveCfg = Debug|Any CPU
		{ECE24DC8-F58E-440A-8B67-1DAC0CD2E621}.Debug|Any CPU.Build.0 = Debug|Any CPU
		{ECE24DC8-F58E-440A-8B67-1DAC0CD2E621}.Release|Any CPU.ActiveCfg = Release|Any CPU
		{ECE24DC8-F58E-440A-8B67-1DAC0CD2E621}.Release|Any CPU.Build.0 = Release|Any CPU
		{AF12A7C4-F7CB-49D4-9DBF-9E153FE67215}.Debug|Any CPU.ActiveCfg = Debug|Any CPU
		{AF12A7C4-F7CB-49D4-9DBF-9E153FE67215}.Debug|Any CPU.Build.0 = Debug|Any CPU
		{AF12A7C4-F7CB-49D4-9DBF-9E153FE67215}.Release|Any CPU.ActiveCfg = Release|Any CPU
		{AF12A7C4-F7CB-49D4-9DBF-9E153FE67215}.Release|Any CPU.Build.0 = Release|Any CPU
		{94EA65DF-E42A-4ACE-B13F-8A2A194552F0}.Debug|Any CPU.ActiveCfg = Debug|Any CPU
		{94EA65DF-E42A-4ACE-B13F-8A2A194552F0}.Debug|Any CPU.Build.0 = Debug|Any CPU
		{94EA65DF-E42A-4ACE-B13F-8A2A194552F0}.Release|Any CPU.ActiveCfg = Release|Any CPU
		{94EA65DF-E42A-4ACE-B13F-8A2A194552F0}.Release|Any CPU.Build.0 = Release|Any CPU
	EndGlobalSection
	GlobalSection(SolutionProperties) = preSolution
		HideSolutionNode = FALSE
	EndGlobalSection
	GlobalSection(NestedProjects) = preSolution
		{1E6720E2-7A4B-4B94-8477-0845B9D0584F} = {02EA681E-C7D8-13C7-8484-4AC65E1B71E8}
		{ECE24DC8-F58E-440A-8B67-1DAC0CD2E621} = {1E6720E2-7A4B-4B94-8477-0845B9D0584F}
		{D1CCE767-70AE-4241-8471-FA7BC6605359} = {02EA681E-C7D8-13C7-8484-4AC65E1B71E8}
		{AF12A7C4-F7CB-49D4-9DBF-9E153FE67215} = {D1CCE767-70AE-4241-8471-FA7BC6605359}
		{2022CD53-73F3-41A4-B7EC-03D30D6F1579} = {02EA681E-C7D8-13C7-8484-4AC65E1B71E8}
		{94EA65DF-E42A-4ACE-B13F-8A2A194552F0} = {2022CD53-73F3-41A4-B7EC-03D30D6F1579}
	EndGlobalSection
	GlobalSection(ExtensibilityGlobals) = postSolution
		SolutionGuid = {7C0EC28E-780B-444A-8AB0-D8A5C613C5EB}
	EndGlobalSection
EndGlobal
