
Microsoft Visual Studio Solution File, Format Version 12.00
# Visual Studio Version 17
VisualStudioVersion = 17.13.35931.197 d17.13
MinimumVisualStudioVersion = 10.0.40219.1
Project("{54A90642-561A-4BB1-A94E-469ADEE60C69}") = "gaming-shop.client", "gaming-shop.client\gaming-shop.client.esproj", "{93B5E3A8-16BA-6905-C65E-FBEC30A0C68A}"
EndProject
Project("{FAE04EC0-301F-11D3-BF4B-00C04F79EFBC}") = "Gaming-Shop.Server", "Gaming-Shop.Server\Gaming-Shop.Server.csproj", "{BDB5536E-4039-4CE8-9158-BEBE70411C7F}"
EndProject
Global
	GlobalSection(SolutionConfigurationPlatforms) = preSolution
		Debug|Any CPU = Debug|Any CPU
		Release|Any CPU = Release|Any CPU
	EndGlobalSection
	GlobalSection(ProjectConfigurationPlatforms) = postSolution
		{93B5E3A8-16BA-6905-C65E-FBEC30A0C68A}.Debug|Any CPU.ActiveCfg = Debug|Any CPU
		{93B5E3A8-16BA-6905-C65E-FBEC30A0C68A}.Debug|Any CPU.Build.0 = Debug|Any CPU
		{93B5E3A8-16BA-6905-C65E-FBEC30A0C68A}.Debug|Any CPU.Deploy.0 = Debug|Any CPU
		{93B5E3A8-16BA-6905-C65E-FBEC30A0C68A}.Release|Any CPU.ActiveCfg = Release|Any CPU
		{93B5E3A8-16BA-6905-C65E-FBEC30A0C68A}.Release|Any CPU.Build.0 = Release|Any CPU
		{93B5E3A8-16BA-6905-C65E-FBEC30A0C68A}.Release|Any CPU.Deploy.0 = Release|Any CPU
		{BDB5536E-4039-4CE8-9158-BEBE70411C7F}.Debug|Any CPU.ActiveCfg = Debug|Any CPU
		{BDB5536E-4039-4CE8-9158-BEBE70411C7F}.Debug|Any CPU.Build.0 = Debug|Any CPU
		{BDB5536E-4039-4CE8-9158-BEBE70411C7F}.Release|Any CPU.ActiveCfg = Release|Any CPU
		{BDB5536E-4039-4CE8-9158-BEBE70411C7F}.Release|Any CPU.Build.0 = Release|Any CPU
	EndGlobalSection
	GlobalSection(SolutionProperties) = preSolution
		HideSolutionNode = FALSE
	EndGlobalSection
	GlobalSection(ExtensibilityGlobals) = postSolution
		SolutionGuid = {7C0EC28E-780B-444A-8AB0-D8A5C613C5EB}
	EndGlobalSection
EndGlobal
